
Microsoft Visual Studio Solution File, Format Version 12.00
# Visual Studio Version 17
VisualStudioVersion = 17.12.35707.178 d17.12
MinimumVisualStudioVersion = 10.0.40219.1
Project("{FAE04EC0-301F-11D3-BF4B-00C04F79EFBC}") = "DummyStore.Api", "DummyStore.Api\DummyStore.Api.csproj", "{4D9420CD-4F0D-430D-B7C8-7B3762167E3F}"
EndProject
Project("{FAE04EC0-301F-11D3-BF4B-00C04F79EFBC}") = "DummyStore.AppHost", "DummyStore.AppHost\DummyStore.AppHost.csproj", "{CE67AA21-4A02-4876-B3DE-0FD4488D0571}"
EndProject
Project("{FAE04EC0-301F-11D3-BF4B-00C04F79EFBC}") = "DummyStore.ServiceDefaults", "DummyStore.ServiceDefaults\DummyStore.ServiceDefaults.csproj", "{B1B813EF-0EBB-4F36-8DF5-BED5027C1A64}"
EndProject
Project("{FAE04EC0-301F-11D3-BF4B-00C04F79EFBC}") = "DummyStore.Data", "DummyStore.Data\DummyStore.Data.csproj", "{02C4FDF9-9055-4E3B-BA6B-DCB657ACBFF2}"
EndProject
Project("{FAE04EC0-301F-11D3-BF4B-00C04F79EFBC}") = "DummyStore.MigrationService", "DummyStore.MigrationService\DummyStore.MigrationService.csproj", "{DF902789-72FC-456A-A117-8D737DA3A448}"
EndProject
Global
	GlobalSection(SolutionConfigurationPlatforms) = preSolution
		Debug|Any CPU = Debug|Any CPU
		Release|Any CPU = Release|Any CPU
	EndGlobalSection
	GlobalSection(ProjectConfigurationPlatforms) = postSolution
		{4D9420CD-4F0D-430D-B7C8-7B3762167E3F}.Debug|Any CPU.ActiveCfg = Debug|Any CPU
		{4D9420CD-4F0D-430D-B7C8-7B3762167E3F}.Debug|Any CPU.Build.0 = Debug|Any CPU
		{4D9420CD-4F0D-430D-B7C8-7B3762167E3F}.Release|Any CPU.ActiveCfg = Release|Any CPU
		{4D9420CD-4F0D-430D-B7C8-7B3762167E3F}.Release|Any CPU.Build.0 = Release|Any CPU
		{CE67AA21-4A02-4876-B3DE-0FD4488D0571}.Debug|Any CPU.ActiveCfg = Debug|Any CPU
		{CE67AA21-4A02-4876-B3DE-0FD4488D0571}.Debug|Any CPU.Build.0 = Debug|Any CPU
		{CE67AA21-4A02-4876-B3DE-0FD4488D0571}.Release|Any CPU.ActiveCfg = Release|Any CPU
		{CE67AA21-4A02-4876-B3DE-0FD4488D0571}.Release|Any CPU.Build.0 = Release|Any CPU
		{B1B813EF-0EBB-4F36-8DF5-BED5027C1A64}.Debug|Any CPU.ActiveCfg = Debug|Any CPU
		{B1B813EF-0EBB-4F36-8DF5-BED5027C1A64}.Debug|Any CPU.Build.0 = Debug|Any CPU
		{B1B813EF-0EBB-4F36-8DF5-BED5027C1A64}.Release|Any CPU.ActiveCfg = Release|Any CPU
		{B1B813EF-0EBB-4F36-8DF5-BED5027C1A64}.Release|Any CPU.Build.0 = Release|Any CPU
		{02C4FDF9-9055-4E3B-BA6B-DCB657ACBFF2}.Debug|Any CPU.ActiveCfg = Debug|Any CPU
		{02C4FDF9-9055-4E3B-BA6B-DCB657ACBFF2}.Debug|Any CPU.Build.0 = Debug|Any CPU
		{02C4FDF9-9055-4E3B-BA6B-DCB657ACBFF2}.Release|Any CPU.ActiveCfg = Release|Any CPU
		{02C4FDF9-9055-4E3B-BA6B-DCB657ACBFF2}.Release|Any CPU.Build.0 = Release|Any CPU
		{DF902789-72FC-456A-A117-8D737DA3A448}.Debug|Any CPU.ActiveCfg = Debug|Any CPU
		{DF902789-72FC-456A-A117-8D737DA3A448}.Debug|Any CPU.Build.0 = Debug|Any CPU
		{DF902789-72FC-456A-A117-8D737DA3A448}.Release|Any CPU.ActiveCfg = Release|Any CPU
		{DF902789-72FC-456A-A117-8D737DA3A448}.Release|Any CPU.Build.0 = Release|Any CPU
	EndGlobalSection
	GlobalSection(SolutionProperties) = preSolution
		HideSolutionNode = FALSE
	EndGlobalSection
EndGlobal
